
Microsoft Visual Studio Solution File, Format Version 12.00
Project("{FAE04EC0-301F-11D3-BF4B-00C04F79EFBC}") = "lks", "lks\lks.csproj", "{EB43DA31-C770-4430-B488-155597E1E183}"
EndProject
Global
	GlobalSection(SolutionConfigurationPlatforms) = preSolution
		Debug|Any CPU = Debug|Any CPU
		Release|Any CPU = Release|Any CPU
	EndGlobalSection
	GlobalSection(ProjectConfigurationPlatforms) = postSolution
		{EB43DA31-C770-4430-B488-155597E1E183}.Debug|Any CPU.ActiveCfg = Debug|Any CPU
		{EB43DA31-C770-4430-B488-155597E1E183}.Debug|Any CPU.Build.0 = Debug|Any CPU
		{EB43DA31-C770-4430-B488-155597E1E183}.Release|Any CPU.ActiveCfg = Release|Any CPU
		{EB43DA31-C770-4430-B488-155597E1E183}.Release|Any CPU.Build.0 = Release|Any CPU
	EndGlobalSection
EndGlobal
